
Microsoft Visual Studio Solution File, Format Version 12.00
# Visual Studio Version 16
VisualStudioVersion = 16.0.30907.101
MinimumVisualStudioVersion = 10.0.40219.1
Project("{9A19103F-16F7-4668-BE54-9A1E7A4F7556}") = "ExcelCreate", "ExcelCreate\ExcelCreate.csproj", "{AAAAB06E-C4EB-419B-B540-B45CFDA19C2F}"
EndProject
Project("{9A19103F-16F7-4668-BE54-9A1E7A4F7556}") = "Shared", "Shared\Shared.csproj", "{EE1431F5-6C86-432C-ADAA-B05F7E5AD21B}"
EndProject
Project("{9A19103F-16F7-4668-BE54-9A1E7A4F7556}") = "FileCreateWorkerService", "FileCreateWorkerService\FileCreateWorkerService.csproj", "{898308DB-343D-40A0-AA50-8A5C59A6D46B}"
EndProject
Global
	GlobalSection(SolutionConfigurationPlatforms) = preSolution
		Debug|Any CPU = Debug|Any CPU
		Release|Any CPU = Release|Any CPU
	EndGlobalSection
	GlobalSection(ProjectConfigurationPlatforms) = postSolution
		{AAAAB06E-C4EB-419B-B540-B45CFDA19C2F}.Debug|Any CPU.ActiveCfg = Debug|Any CPU
		{AAAAB06E-C4EB-419B-B540-B45CFDA19C2F}.Debug|Any CPU.Build.0 = Debug|Any CPU
		{AAAAB06E-C4EB-419B-B540-B45CFDA19C2F}.Release|Any CPU.ActiveCfg = Release|Any CPU
		{AAAAB06E-C4EB-419B-B540-B45CFDA19C2F}.Release|Any CPU.Build.0 = Release|Any CPU
		{EE1431F5-6C86-432C-ADAA-B05F7E5AD21B}.Debug|Any CPU.ActiveCfg = Debug|Any CPU
		{EE1431F5-6C86-432C-ADAA-B05F7E5AD21B}.Debug|Any CPU.Build.0 = Debug|Any CPU
		{EE1431F5-6C86-432C-ADAA-B05F7E5AD21B}.Release|Any CPU.ActiveCfg = Release|Any CPU
		{EE1431F5-6C86-432C-ADAA-B05F7E5AD21B}.Release|Any CPU.Build.0 = Release|Any CPU
		{898308DB-343D-40A0-AA50-8A5C59A6D46B}.Debug|Any CPU.ActiveCfg = Debug|Any CPU
		{898308DB-343D-40A0-AA50-8A5C59A6D46B}.Debug|Any CPU.Build.0 = Debug|Any CPU
		{898308DB-343D-40A0-AA50-8A5C59A6D46B}.Release|Any CPU.ActiveCfg = Release|Any CPU
		{898308DB-343D-40A0-AA50-8A5C59A6D46B}.Release|Any CPU.Build.0 = Release|Any CPU
	EndGlobalSection
	GlobalSection(SolutionProperties) = preSolution
		HideSolutionNode = FALSE
	EndGlobalSection
	GlobalSection(ExtensibilityGlobals) = postSolution
		SolutionGuid = {B5AB40FC-DAEF-40B4-958C-8E537B189091}
	EndGlobalSection
EndGlobal
