
Microsoft Visual Studio Solution File, Format Version 12.00
# Visual Studio Version 16
VisualStudioVersion = 16.0.30907.101
MinimumVisualStudioVersion = 10.0.40219.1
Project("{FAE04EC0-301F-11D3-BF4B-00C04F79EFBC}") = "Publisher", "Publisher\Publisher.csproj", "{4A9BFB39-B3FD-4FC7-B308-BAB60C57093C}"
EndProject
Project("{FAE04EC0-301F-11D3-BF4B-00C04F79EFBC}") = "Subscriber", "Subscriber\Subscriber.csproj", "{30050F06-A8D6-4BC9-9022-BD117158583E}"
EndProject
Global
	GlobalSection(SolutionConfigurationPlatforms) = preSolution
		Debug|Any CPU = Debug|Any CPU
		Release|Any CPU = Release|Any CPU
	EndGlobalSection
	GlobalSection(ProjectConfigurationPlatforms) = postSolution
		{4A9BFB39-B3FD-4FC7-B308-BAB60C57093C}.Debug|Any CPU.ActiveCfg = Debug|Any CPU
		{4A9BFB39-B3FD-4FC7-B308-BAB60C57093C}.Debug|Any CPU.Build.0 = Debug|Any CPU
		{4A9BFB39-B3FD-4FC7-B308-BAB60C57093C}.Release|Any CPU.ActiveCfg = Release|Any CPU
		{4A9BFB39-B3FD-4FC7-B308-BAB60C57093C}.Release|Any CPU.Build.0 = Release|Any CPU
		{30050F06-A8D6-4BC9-9022-BD117158583E}.Debug|Any CPU.ActiveCfg = Debug|Any CPU
		{30050F06-A8D6-4BC9-9022-BD117158583E}.Debug|Any CPU.Build.0 = Debug|Any CPU
		{30050F06-A8D6-4BC9-9022-BD117158583E}.Release|Any CPU.ActiveCfg = Release|Any CPU
		{30050F06-A8D6-4BC9-9022-BD117158583E}.Release|Any CPU.Build.0 = Release|Any CPU
	EndGlobalSection
	GlobalSection(SolutionProperties) = preSolution
		HideSolutionNode = FALSE
	EndGlobalSection
	GlobalSection(ExtensibilityGlobals) = postSolution
		SolutionGuid = {674B2ABE-F829-417C-B33A-D27E4D5ECC0D}
	EndGlobalSection
EndGlobal
